// !$*UTF8*$!
{
	archiveVersion = 1;
	classes = {
	};
	objectVersion = 56;
	objects = {

/* Begin PBXBuildFile section */
		DC12B12A2B6FC84F000F1136 /* AppDelegate.swift in Sources */ = {isa = PBXBuildFile; fileRef = DC12B1292B6FC84F000F1136 /* AppDelegate.swift */; };
		DC12B12C2B6FC84F000F1136 /* SceneDelegate.swift in Sources */ = {isa = PBXBuildFile; fileRef = DC12B12B2B6FC84F000F1136 /* SceneDelegate.swift */; };
		DC12B1332B6FC850000F1136 /* Assets.xcassets in Resources */ = {isa = PBXBuildFile; fileRef = DC12B1322B6FC850000F1136 /* Assets.xcassets */; };
		DC12B1362B6FC850000F1136 /* LaunchScreen.storyboard in Resources */ = {isa = PBXBuildFile; fileRef = DC12B1342B6FC850000F1136 /* LaunchScreen.storyboard */; };
		DC12B13E2B6FCE35000F1136 /* SearchViewController.swift in Sources */ = {isa = PBXBuildFile; fileRef = DC12B13D2B6FCE35000F1136 /* SearchViewController.swift */; };
		DC12B1402B6FCE69000F1136 /* FavoritesViewController.swift in Sources */ = {isa = PBXBuildFile; fileRef = DC12B13F2B6FCE69000F1136 /* FavoritesViewController.swift */; };
		DC12B1452B6FD5D6000F1136 /* SOPButton.swift in Sources */ = {isa = PBXBuildFile; fileRef = DC12B1442B6FD5D6000F1136 /* SOPButton.swift */; };
		DC12B1472B6FD8D6000F1136 /* SOPTextField.swift in Sources */ = {isa = PBXBuildFile; fileRef = DC12B1462B6FD8D6000F1136 /* SOPTextField.swift */; };
		DC12B1492B6FE9F5000F1136 /* ProfileViewController.swift in Sources */ = {isa = PBXBuildFile; fileRef = DC12B1482B6FE9F5000F1136 /* ProfileViewController.swift */; };
		DC12B14B2B6FF231000F1136 /* LanidingViewController.swift in Sources */ = {isa = PBXBuildFile; fileRef = DC12B14A2B6FF231000F1136 /* LanidingViewController.swift */; };
		DC12B1502B6FFD1F000F1136 /* SOPTitleLabel.swift in Sources */ = {isa = PBXBuildFile; fileRef = DC12B14F2B6FFD1F000F1136 /* SOPTitleLabel.swift */; };
		DC12B1522B6FFEA3000F1136 /* SOPBodyLabel.swift in Sources */ = {isa = PBXBuildFile; fileRef = DC12B1512B6FFEA3000F1136 /* SOPBodyLabel.swift */; };
		DC12B1542B6FFFA0000F1136 /* SOPAlertViewController.swift in Sources */ = {isa = PBXBuildFile; fileRef = DC12B1532B6FFFA0000F1136 /* SOPAlertViewController.swift */; };
		DC12B1572B700747000F1136 /* UIViewController+Extensions.swift in Sources */ = {isa = PBXBuildFile; fileRef = DC12B1562B700747000F1136 /* UIViewController+Extensions.swift */; };
/* End PBXBuildFile section */

/* Begin PBXFileReference section */
		DC12B1262B6FC84F000F1136 /* StackOverflowProfile.app */ = {isa = PBXFileReference; explicitFileType = wrapper.application; includeInIndex = 0; path = StackOverflowProfile.app; sourceTree = BUILT_PRODUCTS_DIR; };
		DC12B1292B6FC84F000F1136 /* AppDelegate.swift */ = {isa = PBXFileReference; lastKnownFileType = sourcecode.swift; path = AppDelegate.swift; sourceTree = "<group>"; };
		DC12B12B2B6FC84F000F1136 /* SceneDelegate.swift */ = {isa = PBXFileReference; lastKnownFileType = sourcecode.swift; path = SceneDelegate.swift; sourceTree = "<group>"; };
		DC12B1322B6FC850000F1136 /* Assets.xcassets */ = {isa = PBXFileReference; lastKnownFileType = folder.assetcatalog; path = Assets.xcassets; sourceTree = "<group>"; };
		DC12B1352B6FC850000F1136 /* Base */ = {isa = PBXFileReference; lastKnownFileType = file.storyboard; name = Base; path = Base.lproj/LaunchScreen.storyboard; sourceTree = "<group>"; };
		DC12B1372B6FC850000F1136 /* Info.plist */ = {isa = PBXFileReference; lastKnownFileType = text.plist.xml; path = Info.plist; sourceTree = "<group>"; };
		DC12B13D2B6FCE35000F1136 /* SearchViewController.swift */ = {isa = PBXFileReference; lastKnownFileType = sourcecode.swift; path = SearchViewController.swift; sourceTree = "<group>"; };
		DC12B13F2B6FCE69000F1136 /* FavoritesViewController.swift */ = {isa = PBXFileReference; lastKnownFileType = sourcecode.swift; path = FavoritesViewController.swift; sourceTree = "<group>"; };
		DC12B1442B6FD5D6000F1136 /* SOPButton.swift */ = {isa = PBXFileReference; lastKnownFileType = sourcecode.swift; path = SOPButton.swift; sourceTree = "<group>"; };
		DC12B1462B6FD8D6000F1136 /* SOPTextField.swift */ = {isa = PBXFileReference; lastKnownFileType = sourcecode.swift; path = SOPTextField.swift; sourceTree = "<group>"; };
		DC12B1482B6FE9F5000F1136 /* ProfileViewController.swift */ = {isa = PBXFileReference; lastKnownFileType = sourcecode.swift; path = ProfileViewController.swift; sourceTree = "<group>"; };
		DC12B14A2B6FF231000F1136 /* LanidingViewController.swift */ = {isa = PBXFileReference; lastKnownFileType = sourcecode.swift; path = LanidingViewController.swift; sourceTree = "<group>"; };
		DC12B14F2B6FFD1F000F1136 /* SOPTitleLabel.swift */ = {isa = PBXFileReference; lastKnownFileType = sourcecode.swift; path = SOPTitleLabel.swift; sourceTree = "<group>"; };
		DC12B1512B6FFEA3000F1136 /* SOPBodyLabel.swift */ = {isa = PBXFileReference; lastKnownFileType = sourcecode.swift; path = SOPBodyLabel.swift; sourceTree = "<group>"; };
		DC12B1532B6FFFA0000F1136 /* SOPAlertViewController.swift */ = {isa = PBXFileReference; lastKnownFileType = sourcecode.swift; path = SOPAlertViewController.swift; sourceTree = "<group>"; };
		DC12B1562B700747000F1136 /* UIViewController+Extensions.swift */ = {isa = PBXFileReference; lastKnownFileType = sourcecode.swift; path = "UIViewController+Extensions.swift"; sourceTree = "<group>"; };
/* End PBXFileReference section */

/* Begin PBXFrameworksBuildPhase section */
		DC12B1232B6FC84F000F1136 /* Frameworks */ = {
			isa = PBXFrameworksBuildPhase;
			buildActionMask = 2147483647;
			files = (
			);
			runOnlyForDeploymentPostprocessing = 0;
		};
/* End PBXFrameworksBuildPhase section */

/* Begin PBXGroup section */
		DC12B11D2B6FC84F000F1136 = {
			isa = PBXGroup;
			children = (
				DC12B1282B6FC84F000F1136 /* StackOverflowProfile */,
				DC12B1272B6FC84F000F1136 /* Products */,
			);
			sourceTree = "<group>";
		};
		DC12B1272B6FC84F000F1136 /* Products */ = {
			isa = PBXGroup;
			children = (
				DC12B1262B6FC84F000F1136 /* StackOverflowProfile.app */,
			);
			name = Products;
			sourceTree = "<group>";
		};
		DC12B1282B6FC84F000F1136 /* StackOverflowProfile */ = {
			isa = PBXGroup;
			children = (
				DC12B1422B6FCE8A000F1136 /* App */,
				DC12B1412B6FCE80000F1136 /* Controllers */,
				DC12B1432B6FD5A4000F1136 /* CustomComponents */,
				DC12B1552B700714000F1136 /* Extensions */,
				DC12B1322B6FC850000F1136 /* Assets.xcassets */,
				DC12B1342B6FC850000F1136 /* LaunchScreen.storyboard */,
				DC12B1372B6FC850000F1136 /* Info.plist */,
			);
			path = StackOverflowProfile;
			sourceTree = "<group>";
		};
		DC12B1412B6FCE80000F1136 /* Controllers */ = {
			isa = PBXGroup;
			children = (
				DC12B13D2B6FCE35000F1136 /* SearchViewController.swift */,
				DC12B13F2B6FCE69000F1136 /* FavoritesViewController.swift */,
				DC12B1482B6FE9F5000F1136 /* ProfileViewController.swift */,
				DC12B14A2B6FF231000F1136 /* LanidingViewController.swift */,
			);
			path = Controllers;
			sourceTree = "<group>";
		};
		DC12B1422B6FCE8A000F1136 /* App */ = {
			isa = PBXGroup;
			children = (
				DC12B12B2B6FC84F000F1136 /* SceneDelegate.swift */,
				DC12B1292B6FC84F000F1136 /* AppDelegate.swift */,
			);
			path = App;
			sourceTree = "<group>";
		};
		DC12B1432B6FD5A4000F1136 /* CustomComponents */ = {
			isa = PBXGroup;
			children = (
				DC12B1442B6FD5D6000F1136 /* SOPButton.swift */,
				DC12B1462B6FD8D6000F1136 /* SOPTextField.swift */,
				DC12B14F2B6FFD1F000F1136 /* SOPTitleLabel.swift */,
				DC12B1512B6FFEA3000F1136 /* SOPBodyLabel.swift */,
				DC12B1532B6FFFA0000F1136 /* SOPAlertViewController.swift */,
			);
			path = CustomComponents;
			sourceTree = "<group>";
		};
		DC12B1552B700714000F1136 /* Extensions */ = {
			isa = PBXGroup;
			children = (
				DC12B1562B700747000F1136 /* UIViewController+Extensions.swift */,
			);
			path = Extensions;
			sourceTree = "<group>";
		};
/* End PBXGroup section */

/* Begin PBXNativeTarget section */
		DC12B1252B6FC84F000F1136 /* StackOverflowProfile */ = {
			isa = PBXNativeTarget;
			buildConfigurationList = DC12B13A2B6FC850000F1136 /* Build configuration list for PBXNativeTarget "StackOverflowProfile" */;
			buildPhases = (
				DC12B1222B6FC84F000F1136 /* Sources */,
				DC12B1232B6FC84F000F1136 /* Frameworks */,
				DC12B1242B6FC84F000F1136 /* Resources */,
			);
			buildRules = (
			);
			dependencies = (
			);
			name = StackOverflowProfile;
			productName = StackOverflowProfile;
			productReference = DC12B1262B6FC84F000F1136 /* StackOverflowProfile.app */;
			productType = "com.apple.product-type.application";
		};
/* End PBXNativeTarget section */

/* Begin PBXProject section */
		DC12B11E2B6FC84F000F1136 /* Project object */ = {
			isa = PBXProject;
			attributes = {
				BuildIndependentTargetsInParallel = 1;
				LastSwiftUpdateCheck = 1520;
				LastUpgradeCheck = 1520;
				TargetAttributes = {
					DC12B1252B6FC84F000F1136 = {
						CreatedOnToolsVersion = 15.2;
					};
				};
			};
			buildConfigurationList = DC12B1212B6FC84F000F1136 /* Build configuration list for PBXProject "StackOverflowProfile" */;
			compatibilityVersion = "Xcode 14.0";
			developmentRegion = en;
			hasScannedForEncodings = 0;
			knownRegions = (
				en,
				Base,
			);
			mainGroup = DC12B11D2B6FC84F000F1136;
			productRefGroup = DC12B1272B6FC84F000F1136 /* Products */;
			projectDirPath = "";
			projectRoot = "";
			targets = (
				DC12B1252B6FC84F000F1136 /* StackOverflowProfile */,
			);
		};
/* End PBXProject section */

/* Begin PBXResourcesBuildPhase section */
		DC12B1242B6FC84F000F1136 /* Resources */ = {
			isa = PBXResourcesBuildPhase;
			buildActionMask = 2147483647;
			files = (
				DC12B1362B6FC850000F1136 /* LaunchScreen.storyboard in Resources */,
				DC12B1332B6FC850000F1136 /* Assets.xcassets in Resources */,
			);
			runOnlyForDeploymentPostprocessing = 0;
		};
/* End PBXResourcesBuildPhase section */

/* Begin PBXSourcesBuildPhase section */
		DC12B1222B6FC84F000F1136 /* Sources */ = {
			isa = PBXSourcesBuildPhase;
			buildActionMask = 2147483647;
			files = (
				DC12B13E2B6FCE35000F1136 /* SearchViewController.swift in Sources */,
				DC12B1452B6FD5D6000F1136 /* SOPButton.swift in Sources */,
				DC12B1542B6FFFA0000F1136 /* SOPAlertViewController.swift in Sources */,
				DC12B12A2B6FC84F000F1136 /* AppDelegate.swift in Sources */,
				DC12B1572B700747000F1136 /* UIViewController+Extensions.swift in Sources */,
				DC12B1402B6FCE69000F1136 /* FavoritesViewController.swift in Sources */,
				DC12B14B2B6FF231000F1136 /* LanidingViewController.swift in Sources */,
				DC12B1522B6FFEA3000F1136 /* SOPBodyLabel.swift in Sources */,
				DC12B1502B6FFD1F000F1136 /* SOPTitleLabel.swift in Sources */,
				DC12B1492B6FE9F5000F1136 /* ProfileViewController.swift in Sources */,
				DC12B1472B6FD8D6000F1136 /* SOPTextField.swift in Sources */,
				DC12B12C2B6FC84F000F1136 /* SceneDelegate.swift in Sources */,
			);
			runOnlyForDeploymentPostprocessing = 0;
		};
/* End PBXSourcesBuildPhase section */

/* Begin PBXVariantGroup section */
		DC12B1342B6FC850000F1136 /* LaunchScreen.storyboard */ = {
			isa = PBXVariantGroup;
			children = (
				DC12B1352B6FC850000F1136 /* Base */,
			);
			name = LaunchScreen.storyboard;
			sourceTree = "<group>";
		};
/* End PBXVariantGroup section */

/* Begin XCBuildConfiguration section */
		DC12B1382B6FC850000F1136 /* Debug */ = {
			isa = XCBuildConfiguration;
			buildSettings = {
				ALWAYS_SEARCH_USER_PATHS = NO;
				ASSETCATALOG_COMPILER_GENERATE_SWIFT_ASSET_SYMBOL_EXTENSIONS = YES;
				CLANG_ANALYZER_NONNULL = YES;
				CLANG_ANALYZER_NUMBER_OBJECT_CONVERSION = YES_AGGRESSIVE;
				CLANG_CXX_LANGUAGE_STANDARD = "gnu++20";
				CLANG_ENABLE_MODULES = YES;
				CLANG_ENABLE_OBJC_ARC = YES;
				CLANG_ENABLE_OBJC_WEAK = YES;
				CLANG_WARN_BLOCK_CAPTURE_AUTORELEASING = YES;
				CLANG_WARN_BOOL_CONVERSION = YES;
				CLANG_WARN_COMMA = YES;
				CLANG_WARN_CONSTANT_CONVERSION = YES;
				CLANG_WARN_DEPRECATED_OBJC_IMPLEMENTATIONS = YES;
				CLANG_WARN_DIRECT_OBJC_ISA_USAGE = YES_ERROR;
				CLANG_WARN_DOCUMENTATION_COMMENTS = YES;
				CLANG_WARN_EMPTY_BODY = YES;
				CLANG_WARN_ENUM_CONVERSION = YES;
				CLANG_WARN_INFINITE_RECURSION = YES;
				CLANG_WARN_INT_CONVERSION = YES;
				CLANG_WARN_NON_LITERAL_NULL_CONVERSION = YES;
				CLANG_WARN_OBJC_IMPLICIT_RETAIN_SELF = YES;
				CLANG_WARN_OBJC_LITERAL_CONVERSION = YES;
				CLANG_WARN_OBJC_ROOT_CLASS = YES_ERROR;
				CLANG_WARN_QUOTED_INCLUDE_IN_FRAMEWORK_HEADER = YES;
				CLANG_WARN_RANGE_LOOP_ANALYSIS = YES;
				CLANG_WARN_STRICT_PROTOTYPES = YES;
				CLANG_WARN_SUSPICIOUS_MOVE = YES;
				CLANG_WARN_UNGUARDED_AVAILABILITY = YES_AGGRESSIVE;
				CLANG_WARN_UNREACHABLE_CODE = YES;
				CLANG_WARN__DUPLICATE_METHOD_MATCH = YES;
				COPY_PHASE_STRIP = NO;
				DEBUG_INFORMATION_FORMAT = dwarf;
				ENABLE_STRICT_OBJC_MSGSEND = YES;
				ENABLE_TESTABILITY = YES;
				ENABLE_USER_SCRIPT_SANDBOXING = YES;
				GCC_C_LANGUAGE_STANDARD = gnu17;
				GCC_DYNAMIC_NO_PIC = NO;
				GCC_NO_COMMON_BLOCKS = YES;
				GCC_OPTIMIZATION_LEVEL = 0;
				GCC_PREPROCESSOR_DEFINITIONS = (
					"DEBUG=1",
					"$(inherited)",
				);
				GCC_WARN_64_TO_32_BIT_CONVERSION = YES;
				GCC_WARN_ABOUT_RETURN_TYPE = YES_ERROR;
				GCC_WARN_UNDECLARED_SELECTOR = YES;
				GCC_WARN_UNINITIALIZED_AUTOS = YES_AGGRESSIVE;
				GCC_WARN_UNUSED_FUNCTION = YES;
				GCC_WARN_UNUSED_VARIABLE = YES;
				IPHONEOS_DEPLOYMENT_TARGET = 17.2;
				LOCALIZATION_PREFERS_STRING_CATALOGS = YES;
				MTL_ENABLE_DEBUG_INFO = INCLUDE_SOURCE;
				MTL_FAST_MATH = YES;
				ONLY_ACTIVE_ARCH = YES;
				SDKROOT = iphoneos;
				SWIFT_ACTIVE_COMPILATION_CONDITIONS = "DEBUG $(inherited)";
				SWIFT_OPTIMIZATION_LEVEL = "-Onone";
			};
			name = Debug;
		};
		DC12B1392B6FC850000F1136 /* Release */ = {
			isa = XCBuildConfiguration;
			buildSettings = {
				ALWAYS_SEARCH_USER_PATHS = NO;
				ASSETCATALOG_COMPILER_GENERATE_SWIFT_ASSET_SYMBOL_EXTENSIONS = YES;
				CLANG_ANALYZER_NONNULL = YES;
				CLANG_ANALYZER_NUMBER_OBJECT_CONVERSION = YES_AGGRESSIVE;
				CLANG_CXX_LANGUAGE_STANDARD = "gnu++20";
				CLANG_ENABLE_MODULES = YES;
				CLANG_ENABLE_OBJC_ARC = YES;
				CLANG_ENABLE_OBJC_WEAK = YES;
				CLANG_WARN_BLOCK_CAPTURE_AUTORELEASING = YES;
				CLANG_WARN_BOOL_CONVERSION = YES;
				CLANG_WARN_COMMA = YES;
				CLANG_WARN_CONSTANT_CONVERSION = YES;
				CLANG_WARN_DEPRECATED_OBJC_IMPLEMENTATIONS = YES;
				CLANG_WARN_DIRECT_OBJC_ISA_USAGE = YES_ERROR;
				CLANG_WARN_DOCUMENTATION_COMMENTS = YES;
				CLANG_WARN_EMPTY_BODY = YES;
				CLANG_WARN_ENUM_CONVERSION = YES;
				CLANG_WARN_INFINITE_RECURSION = YES;
				CLANG_WARN_INT_CONVERSION = YES;
				CLANG_WARN_NON_LITERAL_NULL_CONVERSION = YES;
				CLANG_WARN_OBJC_IMPLICIT_RETAIN_SELF = YES;
				CLANG_WARN_OBJC_LITERAL_CONVERSION = YES;
				CLANG_WARN_OBJC_ROOT_CLASS = YES_ERROR;
				CLANG_WARN_QUOTED_INCLUDE_IN_FRAMEWORK_HEADER = YES;
				CLANG_WARN_RANGE_LOOP_ANALYSIS = YES;
				CLANG_WARN_STRICT_PROTOTYPES = YES;
				CLANG_WARN_SUSPICIOUS_MOVE = YES;
				CLANG_WARN_UNGUARDED_AVAILABILITY = YES_AGGRESSIVE;
				CLANG_WARN_UNREACHABLE_CODE = YES;
				CLANG_WARN__DUPLICATE_METHOD_MATCH = YES;
				COPY_PHASE_STRIP = NO;
				DEBUG_INFORMATION_FORMAT = "dwarf-with-dsym";
				ENABLE_NS_ASSERTIONS = NO;
				ENABLE_STRICT_OBJC_MSGSEND = YES;
				ENABLE_USER_SCRIPT_SANDBOXING = YES;
				GCC_C_LANGUAGE_STANDARD = gnu17;
				GCC_NO_COMMON_BLOCKS = YES;
				GCC_WARN_64_TO_32_BIT_CONVERSION = YES;
				GCC_WARN_ABOUT_RETURN_TYPE = YES_ERROR;
				GCC_WARN_UNDECLARED_SELECTOR = YES;
				GCC_WARN_UNINITIALIZED_AUTOS = YES_AGGRESSIVE;
				GCC_WARN_UNUSED_FUNCTION = YES;
				GCC_WARN_UNUSED_VARIABLE = YES;
				IPHONEOS_DEPLOYMENT_TARGET = 17.2;
				LOCALIZATION_PREFERS_STRING_CATALOGS = YES;
				MTL_ENABLE_DEBUG_INFO = NO;
				MTL_FAST_MATH = YES;
				SDKROOT = iphoneos;
				SWIFT_COMPILATION_MODE = wholemodule;
				VALIDATE_PRODUCT = YES;
			};
			name = Release;
		};
		DC12B13B2B6FC850000F1136 /* Debug */ = {
			isa = XCBuildConfiguration;
			buildSettings = {
				ASSETCATALOG_COMPILER_APPICON_NAME = AppIcon;
				ASSETCATALOG_COMPILER_GLOBAL_ACCENT_COLOR_NAME = AccentColor;
				CODE_SIGN_STYLE = Automatic;
				CURRENT_PROJECT_VERSION = 1;
				DEVELOPMENT_TEAM = 3Y9S8RQJ87;
				GENERATE_INFOPLIST_FILE = YES;
				INFOPLIST_FILE = StackOverflowProfile/Info.plist;
				INFOPLIST_KEY_UIApplicationSupportsIndirectInputEvents = YES;
				INFOPLIST_KEY_UILaunchStoryboardName = LaunchScreen;
				INFOPLIST_KEY_UISupportedInterfaceOrientations = UIInterfaceOrientationPortrait;
				LD_RUNPATH_SEARCH_PATHS = (
					"$(inherited)",
					"@executable_path/Frameworks",
				);
				MARKETING_VERSION = 1.0;
				PRODUCT_BUNDLE_IDENTIFIER = com.github.asad51.StackOverflowProfile;
				PRODUCT_NAME = "$(TARGET_NAME)";
				SUPPORTED_PLATFORMS = "iphoneos iphonesimulator";
				SUPPORTS_MACCATALYST = NO;
				SUPPORTS_MAC_DESIGNED_FOR_IPHONE_IPAD = NO;
				SUPPORTS_XR_DESIGNED_FOR_IPHONE_IPAD = NO;
				SWIFT_EMIT_LOC_STRINGS = YES;
				SWIFT_VERSION = 5.0;
				TARGETED_DEVICE_FAMILY = 1;
			};
			name = Debug;
		};
		DC12B13C2B6FC850000F1136 /* Release */ = {
			isa = XCBuildConfiguration;
			buildSettings = {
				ASSETCATALOG_COMPILER_APPICON_NAME = AppIcon;
				ASSETCATALOG_COMPILER_GLOBAL_ACCENT_COLOR_NAME = AccentColor;
				CODE_SIGN_STYLE = Automatic;
				CURRENT_PROJECT_VERSION = 1;
				DEVELOPMENT_TEAM = 3Y9S8RQJ87;
				GENERATE_INFOPLIST_FILE = YES;
				INFOPLIST_FILE = StackOverflowProfile/Info.plist;
				INFOPLIST_KEY_UIApplicationSupportsIndirectInputEvents = YES;
				INFOPLIST_KEY_UILaunchStoryboardName = LaunchScreen;
				INFOPLIST_KEY_UISupportedInterfaceOrientations = UIInterfaceOrientationPortrait;
				LD_RUNPATH_SEARCH_PATHS = (
					"$(inherited)",
					"@executable_path/Frameworks",
				);
				MARKETING_VERSION = 1.0;
				PRODUCT_BUNDLE_IDENTIFIER = com.github.asad51.StackOverflowProfile;
				PRODUCT_NAME = "$(TARGET_NAME)";
				SUPPORTED_PLATFORMS = "iphoneos iphonesimulator";
				SUPPORTS_MACCATALYST = NO;
				SUPPORTS_MAC_DESIGNED_FOR_IPHONE_IPAD = NO;
				SUPPORTS_XR_DESIGNED_FOR_IPHONE_IPAD = NO;
				SWIFT_EMIT_LOC_STRINGS = YES;
				SWIFT_VERSION = 5.0;
				TARGETED_DEVICE_FAMILY = 1;
			};
			name = Release;
		};
/* End XCBuildConfiguration section */

/* Begin XCConfigurationList section */
		DC12B1212B6FC84F000F1136 /* Build configuration list for PBXProject "StackOverflowProfile" */ = {
			isa = XCConfigurationList;
			buildConfigurations = (
				DC12B1382B6FC850000F1136 /* Debug */,
				DC12B1392B6FC850000F1136 /* Release */,
			);
			defaultConfigurationIsVisible = 0;
			defaultConfigurationName = Release;
		};
		DC12B13A2B6FC850000F1136 /* Build configuration list for PBXNativeTarget "StackOverflowProfile" */ = {
			isa = XCConfigurationList;
			buildConfigurations = (
				DC12B13B2B6FC850000F1136 /* Debug */,
				DC12B13C2B6FC850000F1136 /* Release */,
			);
			defaultConfigurationIsVisible = 0;
			defaultConfigurationName = Release;
		};
/* End XCConfigurationList section */
	};
	rootObject = DC12B11E2B6FC84F000F1136 /* Project object */;
}
